
Microsoft Visual Studio Solution File, Format Version 12.00
# Visual Studio Version 16
VisualStudioVersion = 16.0.30611.23
MinimumVisualStudioVersion = 10.0.40219.1
Project("{2150E333-8FDC-42A3-9474-1A3956D46DE8}") = "0 - Presentation", "0 - Presentation", "{CE241B97-7451-4A9D-B0A3-E75B2E098BDF}"
EndProject
Project("{2150E333-8FDC-42A3-9474-1A3956D46DE8}") = "1 - Services", "1 - Services", "{C42E07A2-85D7-4FF9-A4D1-9B004B603F1F}"
EndProject
Project("{2150E333-8FDC-42A3-9474-1A3956D46DE8}") = "2 - Application", "2 - Application", "{FE87AF00-27C6-4997-8209-A6CCCCC212B5}"
EndProject
Project("{2150E333-8FDC-42A3-9474-1A3956D46DE8}") = "3 - Domain", "3 - Domain", "{74438493-E17F-452A-A91F-2D0ABEEB5369}"
EndProject
Project("{2150E333-8FDC-42A3-9474-1A3956D46DE8}") = "4 - Infra", "4 - Infra", "{9FE657D6-1BDE-4F7F-AF46-70B9CD87896F}"
EndProject
Project("{2150E333-8FDC-42A3-9474-1A3956D46DE8}") = "5 - Tests", "5 - Tests", "{CDADA980-B72A-4E18-931B-387654472A96}"
EndProject
Project("{9A19103F-16F7-4668-BE54-9A1E7A4F7556}") = "ParkUp.Services.Api", "ParkUp.Services.Api\ParkUp.Services.Api.csproj", "{9D5D36C4-8654-4C1F-8725-AC19257BB72E}"
EndProject
Project("{9A19103F-16F7-4668-BE54-9A1E7A4F7556}") = "ParkUp.Application", "ParkUp.Application\ParkUp.Application.csproj", "{47CB2D37-D318-4CB4-9B56-451B0789F260}"
EndProject
Project("{9A19103F-16F7-4668-BE54-9A1E7A4F7556}") = "ParkUp.Domain", "ParkUp.Domain\ParkUp.Domain.csproj", "{30805341-C308-4DAD-800F-4A24D707B4A3}"
EndProject
Project("{9A19103F-16F7-4668-BE54-9A1E7A4F7556}") = "ParkUp.Domain.Core", "ParkUp.Domain.Core\ParkUp.Domain.Core.csproj", "{363551DC-39E6-4B53-B7D5-3A95F199E617}"
EndProject
Project("{2150E333-8FDC-42A3-9474-1A3956D46DE8}") = "4.1 - Data", "4.1 - Data", "{F213FF1A-F6CE-421F-A92E-698B3AF7140F}"
EndProject
Project("{2150E333-8FDC-42A3-9474-1A3956D46DE8}") = "4.2 - CrossCutting", "4.2 - CrossCutting", "{579796FC-9614-4D25-80F3-D7354C154547}"
EndProject
Project("{9A19103F-16F7-4668-BE54-9A1E7A4F7556}") = "ParkUp.Infra.Data", "ParkUp.Infra.Data\ParkUp.Infra.Data.csproj", "{0552164A-C001-486C-98E6-3D393BD72521}"
EndProject
Project("{9A19103F-16F7-4668-BE54-9A1E7A4F7556}") = "ParkUp.CC.Identity", "ParkUp.CC.Identity\ParkUp.CC.Identity.csproj", "{4D4306BC-7093-4B80-9C46-85F0D5D293C4}"
EndProject
Project("{9A19103F-16F7-4668-BE54-9A1E7A4F7556}") = "ParkUp.CC.IoC", "ParkUp.CC.IoC\ParkUp.CC.IoC.csproj", "{85CF88F4-48BD-43A6-9455-8AB2BD87C4E3}"
EndProject
Project("{9A19103F-16F7-4668-BE54-9A1E7A4F7556}") = "ParkUp.Tests", "ParkUp.Tests\ParkUp.Tests.csproj", "{20827034-9FFD-4D05-B08B-A8CF2B7FFFBC}"
EndProject
Project("{2150E333-8FDC-42A3-9474-1A3956D46DE8}") = "4.3 - Integration", "4.3 - Integration", "{E8BA360B-C550-4068-A762-C8D31B90DA69}"
EndProject
Project("{9A19103F-16F7-4668-BE54-9A1E7A4F7556}") = "ParkUp.Infra.Integration", "ParkUp.Infra.Integration\ParkUp.Infra.Integration.csproj", "{EC8D384D-2179-42BD-94B0-683B45CE0801}"
EndProject
Global
	GlobalSection(SolutionConfigurationPlatforms) = preSolution
		Debug|Any CPU = Debug|Any CPU
		Release|Any CPU = Release|Any CPU
	EndGlobalSection
	GlobalSection(ProjectConfigurationPlatforms) = postSolution
		{9D5D36C4-8654-4C1F-8725-AC19257BB72E}.Debug|Any CPU.ActiveCfg = Debug|Any CPU
		{9D5D36C4-8654-4C1F-8725-AC19257BB72E}.Debug|Any CPU.Build.0 = Debug|Any CPU
		{9D5D36C4-8654-4C1F-8725-AC19257BB72E}.Release|Any CPU.ActiveCfg = Release|Any CPU
		{9D5D36C4-8654-4C1F-8725-AC19257BB72E}.Release|Any CPU.Build.0 = Release|Any CPU
		{47CB2D37-D318-4CB4-9B56-451B0789F260}.Debug|Any CPU.ActiveCfg = Debug|Any CPU
		{47CB2D37-D318-4CB4-9B56-451B0789F260}.Debug|Any CPU.Build.0 = Debug|Any CPU
		{47CB2D37-D318-4CB4-9B56-451B0789F260}.Release|Any CPU.ActiveCfg = Release|Any CPU
		{47CB2D37-D318-4CB4-9B56-451B0789F260}.Release|Any CPU.Build.0 = Release|Any CPU
		{30805341-C308-4DAD-800F-4A24D707B4A3}.Debug|Any CPU.ActiveCfg = Debug|Any CPU
		{30805341-C308-4DAD-800F-4A24D707B4A3}.Debug|Any CPU.Build.0 = Debug|Any CPU
		{30805341-C308-4DAD-800F-4A24D707B4A3}.Release|Any CPU.ActiveCfg = Release|Any CPU
		{30805341-C308-4DAD-800F-4A24D707B4A3}.Release|Any CPU.Build.0 = Release|Any CPU
		{363551DC-39E6-4B53-B7D5-3A95F199E617}.Debug|Any CPU.ActiveCfg = Debug|Any CPU
		{363551DC-39E6-4B53-B7D5-3A95F199E617}.Debug|Any CPU.Build.0 = Debug|Any CPU
		{363551DC-39E6-4B53-B7D5-3A95F199E617}.Release|Any CPU.ActiveCfg = Release|Any CPU
		{363551DC-39E6-4B53-B7D5-3A95F199E617}.Release|Any CPU.Build.0 = Release|Any CPU
		{0552164A-C001-486C-98E6-3D393BD72521}.Debug|Any CPU.ActiveCfg = Debug|Any CPU
		{0552164A-C001-486C-98E6-3D393BD72521}.Debug|Any CPU.Build.0 = Debug|Any CPU
		{0552164A-C001-486C-98E6-3D393BD72521}.Release|Any CPU.ActiveCfg = Release|Any CPU
		{0552164A-C001-486C-98E6-3D393BD72521}.Release|Any CPU.Build.0 = Release|Any CPU
		{4D4306BC-7093-4B80-9C46-85F0D5D293C4}.Debug|Any CPU.ActiveCfg = Debug|Any CPU
		{4D4306BC-7093-4B80-9C46-85F0D5D293C4}.Debug|Any CPU.Build.0 = Debug|Any CPU
		{4D4306BC-7093-4B80-9C46-85F0D5D293C4}.Release|Any CPU.ActiveCfg = Release|Any CPU
		{4D4306BC-7093-4B80-9C46-85F0D5D293C4}.Release|Any CPU.Build.0 = Release|Any CPU
		{85CF88F4-48BD-43A6-9455-8AB2BD87C4E3}.Debug|Any CPU.ActiveCfg = Debug|Any CPU
		{85CF88F4-48BD-43A6-9455-8AB2BD87C4E3}.Debug|Any CPU.Build.0 = Debug|Any CPU
		{85CF88F4-48BD-43A6-9455-8AB2BD87C4E3}.Release|Any CPU.ActiveCfg = Release|Any CPU
		{85CF88F4-48BD-43A6-9455-8AB2BD87C4E3}.Release|Any CPU.Build.0 = Release|Any CPU
		{20827034-9FFD-4D05-B08B-A8CF2B7FFFBC}.Debug|Any CPU.ActiveCfg = Debug|Any CPU
		{20827034-9FFD-4D05-B08B-A8CF2B7FFFBC}.Debug|Any CPU.Build.0 = Debug|Any CPU
		{20827034-9FFD-4D05-B08B-A8CF2B7FFFBC}.Release|Any CPU.ActiveCfg = Release|Any CPU
		{20827034-9FFD-4D05-B08B-A8CF2B7FFFBC}.Release|Any CPU.Build.0 = Release|Any CPU
		{EC8D384D-2179-42BD-94B0-683B45CE0801}.Debug|Any CPU.ActiveCfg = Debug|Any CPU
		{EC8D384D-2179-42BD-94B0-683B45CE0801}.Debug|Any CPU.Build.0 = Debug|Any CPU
		{EC8D384D-2179-42BD-94B0-683B45CE0801}.Release|Any CPU.ActiveCfg = Release|Any CPU
		{EC8D384D-2179-42BD-94B0-683B45CE0801}.Release|Any CPU.Build.0 = Release|Any CPU
	EndGlobalSection
	GlobalSection(SolutionProperties) = preSolution
		HideSolutionNode = FALSE
	EndGlobalSection
	GlobalSection(NestedProjects) = preSolution
		{9D5D36C4-8654-4C1F-8725-AC19257BB72E} = {C42E07A2-85D7-4FF9-A4D1-9B004B603F1F}
		{47CB2D37-D318-4CB4-9B56-451B0789F260} = {FE87AF00-27C6-4997-8209-A6CCCCC212B5}
		{30805341-C308-4DAD-800F-4A24D707B4A3} = {74438493-E17F-452A-A91F-2D0ABEEB5369}
		{363551DC-39E6-4B53-B7D5-3A95F199E617} = {74438493-E17F-452A-A91F-2D0ABEEB5369}
		{F213FF1A-F6CE-421F-A92E-698B3AF7140F} = {9FE657D6-1BDE-4F7F-AF46-70B9CD87896F}
		{579796FC-9614-4D25-80F3-D7354C154547} = {9FE657D6-1BDE-4F7F-AF46-70B9CD87896F}
		{0552164A-C001-486C-98E6-3D393BD72521} = {F213FF1A-F6CE-421F-A92E-698B3AF7140F}
		{4D4306BC-7093-4B80-9C46-85F0D5D293C4} = {579796FC-9614-4D25-80F3-D7354C154547}
		{85CF88F4-48BD-43A6-9455-8AB2BD87C4E3} = {579796FC-9614-4D25-80F3-D7354C154547}
		{20827034-9FFD-4D05-B08B-A8CF2B7FFFBC} = {CDADA980-B72A-4E18-931B-387654472A96}
		{E8BA360B-C550-4068-A762-C8D31B90DA69} = {9FE657D6-1BDE-4F7F-AF46-70B9CD87896F}
		{EC8D384D-2179-42BD-94B0-683B45CE0801} = {E8BA360B-C550-4068-A762-C8D31B90DA69}
	EndGlobalSection
	GlobalSection(ExtensibilityGlobals) = postSolution
		SolutionGuid = {2C48707F-40C1-4BDC-85FA-AE67A3204F8A}
	EndGlobalSection
EndGlobal
